// !$*UTF8*$!
{
	archiveVersion = 1;
	classes = {
	};
	objectVersion = 52;
	objects = {

/* Begin PBXBuildFile section */
		680C1B4B251EFF98003E3056 /* SecondPageViewController.swift in Sources */ = {isa = PBXBuildFile; fileRef = 680C1B4A251EFF98003E3056 /* SecondPageViewController.swift */; };
		680C1B4F251F02D3003E3056 /* FirstTableViewCell.swift in Sources */ = {isa = PBXBuildFile; fileRef = 680C1B4D251F02D2003E3056 /* FirstTableViewCell.swift */; };
		680C1B50251F02D3003E3056 /* FirstTableViewCell.xib in Resources */ = {isa = PBXBuildFile; fileRef = 680C1B4E251F02D3003E3056 /* FirstTableViewCell.xib */; };
		680C1B64251F14FF003E3056 /* MovieInfo.swift in Sources */ = {isa = PBXBuildFile; fileRef = 680C1B63251F14FF003E3056 /* MovieInfo.swift */; };
		6811C2EC25206F0F00EC974C /* ThirdViewController.swift in Sources */ = {isa = PBXBuildFile; fileRef = 6811C2EB25206F0F00EC974C /* ThirdViewController.swift */; };
		683B3156251DB00600A48F17 /* BaseViewController.swift in Sources */ = {isa = PBXBuildFile; fileRef = 683B3155251DB00600A48F17 /* BaseViewController.swift */; };
		686986DA251C2F8900A02251 /* TableViewController.swift in Sources */ = {isa = PBXBuildFile; fileRef = 686986D9251C2F8900A02251 /* TableViewController.swift */; };
		686986DE251C2F9D00A02251 /* CollectionViewController.swift in Sources */ = {isa = PBXBuildFile; fileRef = 686986DD251C2F9D00A02251 /* CollectionViewController.swift */; };
		686986E9251C30A800A02251 /* TableViewCell.swift in Sources */ = {isa = PBXBuildFile; fileRef = 686986E7251C30A800A02251 /* TableViewCell.swift */; };
		686986EA251C30A800A02251 /* TableViewCell.xib in Resources */ = {isa = PBXBuildFile; fileRef = 686986E8251C30A800A02251 /* TableViewCell.xib */; };
		686986EE251C30B800A02251 /* CollectionViewCell.swift in Sources */ = {isa = PBXBuildFile; fileRef = 686986EC251C30B800A02251 /* CollectionViewCell.swift */; };
		686986EF251C30B800A02251 /* CollectionViewCell.xib in Resources */ = {isa = PBXBuildFile; fileRef = 686986ED251C30B800A02251 /* CollectionViewCell.xib */; };
		68761C9F2518D4E9009521AA /* Movie.swift in Sources */ = {isa = PBXBuildFile; fileRef = 68761C9E2518D4E9009521AA /* Movie.swift */; };
		68C84687251980BE006D54DA /* Movies.swift in Sources */ = {isa = PBXBuildFile; fileRef = 68C84686251980BE006D54DA /* Movies.swift */; };
		68D7665925145C1200B167B7 /* AppDelegate.swift in Sources */ = {isa = PBXBuildFile; fileRef = 68D7665825145C1200B167B7 /* AppDelegate.swift */; };
		68D7665B25145C1200B167B7 /* SceneDelegate.swift in Sources */ = {isa = PBXBuildFile; fileRef = 68D7665A25145C1200B167B7 /* SceneDelegate.swift */; };
		68D7665D25145C1200B167B7 /* ViewController.swift in Sources */ = {isa = PBXBuildFile; fileRef = 68D7665C25145C1200B167B7 /* ViewController.swift */; };
		68D7666025145C1200B167B7 /* Main.storyboard in Resources */ = {isa = PBXBuildFile; fileRef = 68D7665E25145C1200B167B7 /* Main.storyboard */; };
		68D7666225145C1400B167B7 /* Assets.xcassets in Resources */ = {isa = PBXBuildFile; fileRef = 68D7666125145C1400B167B7 /* Assets.xcassets */; };
		68D7666525145C1400B167B7 /* LaunchScreen.storyboard in Resources */ = {isa = PBXBuildFile; fileRef = 68D7666325145C1400B167B7 /* LaunchScreen.storyboard */; };
		68D7667F25145F2A00B167B7 /* Alamofire in Frameworks */ = {isa = PBXBuildFile; productRef = 68D7667E25145F2A00B167B7 /* Alamofire */; };
/* End PBXBuildFile section */

/* Begin PBXFileReference section */
		680C1B4A251EFF98003E3056 /* SecondPageViewController.swift */ = {isa = PBXFileReference; lastKnownFileType = sourcecode.swift; path = SecondPageViewController.swift; sourceTree = "<group>"; };
		680C1B4D251F02D2003E3056 /* FirstTableViewCell.swift */ = {isa = PBXFileReference; lastKnownFileType = sourcecode.swift; path = FirstTableViewCell.swift; sourceTree = "<group>"; };
		680C1B4E251F02D3003E3056 /* FirstTableViewCell.xib */ = {isa = PBXFileReference; lastKnownFileType = file.xib; path = FirstTableViewCell.xib; sourceTree = "<group>"; };
		680C1B63251F14FF003E3056 /* MovieInfo.swift */ = {isa = PBXFileReference; lastKnownFileType = sourcecode.swift; path = MovieInfo.swift; sourceTree = "<group>"; };
		6811C2EB25206F0F00EC974C /* ThirdViewController.swift */ = {isa = PBXFileReference; lastKnownFileType = sourcecode.swift; path = ThirdViewController.swift; sourceTree = "<group>"; };
		683B3155251DB00600A48F17 /* BaseViewController.swift */ = {isa = PBXFileReference; lastKnownFileType = sourcecode.swift; path = BaseViewController.swift; sourceTree = "<group>"; };
		686986D9251C2F8900A02251 /* TableViewController.swift */ = {isa = PBXFileReference; lastKnownFileType = sourcecode.swift; path = TableViewController.swift; sourceTree = "<group>"; };
		686986DD251C2F9D00A02251 /* CollectionViewController.swift */ = {isa = PBXFileReference; lastKnownFileType = sourcecode.swift; path = CollectionViewController.swift; sourceTree = "<group>"; };
		686986E7251C30A800A02251 /* TableViewCell.swift */ = {isa = PBXFileReference; lastKnownFileType = sourcecode.swift; path = TableViewCell.swift; sourceTree = "<group>"; };
		686986E8251C30A800A02251 /* TableViewCell.xib */ = {isa = PBXFileReference; lastKnownFileType = file.xib; path = TableViewCell.xib; sourceTree = "<group>"; };
		686986EC251C30B800A02251 /* CollectionViewCell.swift */ = {isa = PBXFileReference; lastKnownFileType = sourcecode.swift; path = CollectionViewCell.swift; sourceTree = "<group>"; };
		686986ED251C30B800A02251 /* CollectionViewCell.xib */ = {isa = PBXFileReference; lastKnownFileType = file.xib; path = CollectionViewCell.xib; sourceTree = "<group>"; };
		68761C9E2518D4E9009521AA /* Movie.swift */ = {isa = PBXFileReference; lastKnownFileType = sourcecode.swift; path = Movie.swift; sourceTree = "<group>"; };
		68C84686251980BE006D54DA /* Movies.swift */ = {isa = PBXFileReference; lastKnownFileType = sourcecode.swift; path = Movies.swift; sourceTree = "<group>"; };
		68D7665525145C1200B167B7 /* EcommerceApp.app */ = {isa = PBXFileReference; explicitFileType = wrapper.application; includeInIndex = 0; path = EcommerceApp.app; sourceTree = BUILT_PRODUCTS_DIR; };
		68D7665825145C1200B167B7 /* AppDelegate.swift */ = {isa = PBXFileReference; lastKnownFileType = sourcecode.swift; path = AppDelegate.swift; sourceTree = "<group>"; };
		68D7665A25145C1200B167B7 /* SceneDelegate.swift */ = {isa = PBXFileReference; lastKnownFileType = sourcecode.swift; path = SceneDelegate.swift; sourceTree = "<group>"; };
		68D7665C25145C1200B167B7 /* ViewController.swift */ = {isa = PBXFileReference; lastKnownFileType = sourcecode.swift; path = ViewController.swift; sourceTree = "<group>"; };
		68D7665F25145C1200B167B7 /* Base */ = {isa = PBXFileReference; lastKnownFileType = file.storyboard; name = Base; path = Base.lproj/Main.storyboard; sourceTree = "<group>"; };
		68D7666125145C1400B167B7 /* Assets.xcassets */ = {isa = PBXFileReference; lastKnownFileType = folder.assetcatalog; path = Assets.xcassets; sourceTree = "<group>"; };
		68D7666425145C1400B167B7 /* Base */ = {isa = PBXFileReference; lastKnownFileType = file.storyboard; name = Base; path = Base.lproj/LaunchScreen.storyboard; sourceTree = "<group>"; };
		68D7666625145C1400B167B7 /* Info.plist */ = {isa = PBXFileReference; lastKnownFileType = text.plist.xml; path = Info.plist; sourceTree = "<group>"; };
/* End PBXFileReference section */

/* Begin PBXFrameworksBuildPhase section */
		68D7665225145C1200B167B7 /* Frameworks */ = {
			isa = PBXFrameworksBuildPhase;
			buildActionMask = 2147483647;
			files = (
				68D7667F25145F2A00B167B7 /* Alamofire in Frameworks */,
			);
			runOnlyForDeploymentPostprocessing = 0;
		};
/* End PBXFrameworksBuildPhase section */

/* Begin PBXGroup section */
		6811C2EA25206EFF00EC974C /* ThirdPage */ = {
			isa = PBXGroup;
			children = (
				6811C2EB25206F0F00EC974C /* ThirdViewController.swift */,
			);
			path = ThirdPage;
			sourceTree = "<group>";
		};
		683B3158251DB43900A48F17 /* SecondPage */ = {
			isa = PBXGroup;
			children = (
				680C1B4A251EFF98003E3056 /* SecondPageViewController.swift */,
				680C1B4D251F02D2003E3056 /* FirstTableViewCell.swift */,
				680C1B4E251F02D3003E3056 /* FirstTableViewCell.xib */,
			);
			path = SecondPage;
			sourceTree = "<group>";
		};
		686986D8251C2F7A00A02251 /* Table */ = {
			isa = PBXGroup;
			children = (
				686986D9251C2F8900A02251 /* TableViewController.swift */,
				686986E7251C30A800A02251 /* TableViewCell.swift */,
				686986E8251C30A800A02251 /* TableViewCell.xib */,
			);
			path = Table;
			sourceTree = "<group>";
		};
		686986DC251C2F8E00A02251 /* Collection */ = {
			isa = PBXGroup;
			children = (
				686986DD251C2F9D00A02251 /* CollectionViewController.swift */,
				686986EC251C30B800A02251 /* CollectionViewCell.swift */,
				686986ED251C30B800A02251 /* CollectionViewCell.xib */,
			);
			path = Collection;
			sourceTree = "<group>";
		};
		68C84689251980C6006D54DA /* Networking */ = {
			isa = PBXGroup;
			children = (
				68C84686251980BE006D54DA /* Movies.swift */,
				68761C9E2518D4E9009521AA /* Movie.swift */,
				680C1B63251F14FF003E3056 /* MovieInfo.swift */,
			);
			path = Networking;
			sourceTree = "<group>";
		};
		68D7664C25145C1200B167B7 = {
			isa = PBXGroup;
			children = (
				68D7665725145C1200B167B7 /* EcommerceApp */,
				68D7665625145C1200B167B7 /* Products */,
			);
			sourceTree = "<group>";
		};
		68D7665625145C1200B167B7 /* Products */ = {
			isa = PBXGroup;
			children = (
				68D7665525145C1200B167B7 /* EcommerceApp.app */,
			);
			name = Products;
			sourceTree = "<group>";
		};
		68D7665725145C1200B167B7 /* EcommerceApp */ = {
			isa = PBXGroup;
			children = (
				6811C2EA25206EFF00EC974C /* ThirdPage */,
				683B3158251DB43900A48F17 /* SecondPage */,
				68C84689251980C6006D54DA /* Networking */,
				686986D8251C2F7A00A02251 /* Table */,
				686986DC251C2F8E00A02251 /* Collection */,
				68D7665825145C1200B167B7 /* AppDelegate.swift */,
				683B3155251DB00600A48F17 /* BaseViewController.swift */,
				68D7665A25145C1200B167B7 /* SceneDelegate.swift */,
				68D7665C25145C1200B167B7 /* ViewController.swift */,
				68D7665E25145C1200B167B7 /* Main.storyboard */,
				68D7666125145C1400B167B7 /* Assets.xcassets */,
				68D7666325145C1400B167B7 /* LaunchScreen.storyboard */,
				68D7666625145C1400B167B7 /* Info.plist */,
			);
			path = EcommerceApp;
			sourceTree = "<group>";
		};
/* End PBXGroup section */

/* Begin PBXNativeTarget section */
		68D7665425145C1200B167B7 /* EcommerceApp */ = {
			isa = PBXNativeTarget;
			buildConfigurationList = 68D7666925145C1400B167B7 /* Build configuration list for PBXNativeTarget "EcommerceApp" */;
			buildPhases = (
				68D7665125145C1200B167B7 /* Sources */,
				68D7665225145C1200B167B7 /* Frameworks */,
				68D7665325145C1200B167B7 /* Resources */,
			);
			buildRules = (
			);
			dependencies = (
			);
			name = EcommerceApp;
			packageProductDependencies = (
				68D7667E25145F2A00B167B7 /* Alamofire */,
			);
			productName = EcommerceApp;
			productReference = 68D7665525145C1200B167B7 /* EcommerceApp.app */;
			productType = "com.apple.product-type.application";
		};
/* End PBXNativeTarget section */

/* Begin PBXProject section */
		68D7664D25145C1200B167B7 /* Project object */ = {
			isa = PBXProject;
			attributes = {
				LastSwiftUpdateCheck = 1170;
				LastUpgradeCheck = 1200;
				ORGANIZATIONNAME = "정수현";
				TargetAttributes = {
					68D7665425145C1200B167B7 = {
						CreatedOnToolsVersion = 11.7;
					};
				};
			};
			buildConfigurationList = 68D7665025145C1200B167B7 /* Build configuration list for PBXProject "EcommerceApp" */;
			compatibilityVersion = "Xcode 9.3";
			developmentRegion = en;
			hasScannedForEncodings = 0;
			knownRegions = (
				en,
				Base,
			);
			mainGroup = 68D7664C25145C1200B167B7;
			packageReferences = (
				68D7667D25145F2A00B167B7 /* XCRemoteSwiftPackageReference "Alamofire" */,
			);
			productRefGroup = 68D7665625145C1200B167B7 /* Products */;
			projectDirPath = "";
			projectRoot = "";
			targets = (
				68D7665425145C1200B167B7 /* EcommerceApp */,
			);
		};
/* End PBXProject section */

/* Begin PBXResourcesBuildPhase section */
		68D7665325145C1200B167B7 /* Resources */ = {
			isa = PBXResourcesBuildPhase;
			buildActionMask = 2147483647;
			files = (
				68D7666525145C1400B167B7 /* LaunchScreen.storyboard in Resources */,
				686986EA251C30A800A02251 /* TableViewCell.xib in Resources */,
				68D7666225145C1400B167B7 /* Assets.xcassets in Resources */,
				68D7666025145C1200B167B7 /* Main.storyboard in Resources */,
				680C1B50251F02D3003E3056 /* FirstTableViewCell.xib in Resources */,
				686986EF251C30B800A02251 /* CollectionViewCell.xib in Resources */,
			);
			runOnlyForDeploymentPostprocessing = 0;
		};
/* End PBXResourcesBuildPhase section */

/* Begin PBXSourcesBuildPhase section */
		68D7665125145C1200B167B7 /* Sources */ = {
			isa = PBXSourcesBuildPhase;
			buildActionMask = 2147483647;
			files = (
				686986EE251C30B800A02251 /* CollectionViewCell.swift in Sources */,
				686986DE251C2F9D00A02251 /* CollectionViewController.swift in Sources */,
				683B3156251DB00600A48F17 /* BaseViewController.swift in Sources */,
				68761C9F2518D4E9009521AA /* Movie.swift in Sources */,
				68C84687251980BE006D54DA /* Movies.swift in Sources */,
				680C1B64251F14FF003E3056 /* MovieInfo.swift in Sources */,
				680C1B4F251F02D3003E3056 /* FirstTableViewCell.swift in Sources */,
				686986E9251C30A800A02251 /* TableViewCell.swift in Sources */,
				68D7665D25145C1200B167B7 /* ViewController.swift in Sources */,
				686986DA251C2F8900A02251 /* TableViewController.swift in Sources */,
				6811C2EC25206F0F00EC974C /* ThirdViewController.swift in Sources */,
				68D7665925145C1200B167B7 /* AppDelegate.swift in Sources */,
				680C1B4B251EFF98003E3056 /* SecondPageViewController.swift in Sources */,
				68D7665B25145C1200B167B7 /* SceneDelegate.swift in Sources */,
			);
			runOnlyForDeploymentPostprocessing = 0;
		};
/* End PBXSourcesBuildPhase section */

/* Begin PBXVariantGroup section */
		68D7665E25145C1200B167B7 /* Main.storyboard */ = {
			isa = PBXVariantGroup;
			children = (
				68D7665F25145C1200B167B7 /* Base */,
			);
			name = Main.storyboard;
			sourceTree = "<group>";
		};
		68D7666325145C1400B167B7 /* LaunchScreen.storyboard */ = {
			isa = PBXVariantGroup;
			children = (
				68D7666425145C1400B167B7 /* Base */,
			);
			name = LaunchScreen.storyboard;
			sourceTree = "<group>";
		};
/* End PBXVariantGroup section */

/* Begin XCBuildConfiguration section */
		68D7666725145C1400B167B7 /* Debug */ = {
			isa = XCBuildConfiguration;
			buildSettings = {
				ALWAYS_SEARCH_USER_PATHS = NO;
				CLANG_ANALYZER_NONNULL = YES;
				CLANG_ANALYZER_NUMBER_OBJECT_CONVERSION = YES_AGGRESSIVE;
				CLANG_CXX_LANGUAGE_STANDARD = "gnu++14";
				CLANG_CXX_LIBRARY = "libc++";
				CLANG_ENABLE_MODULES = YES;
				CLANG_ENABLE_OBJC_ARC = YES;
				CLANG_ENABLE_OBJC_WEAK = YES;
				CLANG_WARN_BLOCK_CAPTURE_AUTORELEASING = YES;
				CLANG_WARN_BOOL_CONVERSION = YES;
				CLANG_WARN_COMMA = YES;
				CLANG_WARN_CONSTANT_CONVERSION = YES;
				CLANG_WARN_DEPRECATED_OBJC_IMPLEMENTATIONS = YES;
				CLANG_WARN_DIRECT_OBJC_ISA_USAGE = YES_ERROR;
				CLANG_WARN_DOCUMENTATION_COMMENTS = YES;
				CLANG_WARN_EMPTY_BODY = YES;
				CLANG_WARN_ENUM_CONVERSION = YES;
				CLANG_WARN_INFINITE_RECURSION = YES;
				CLANG_WARN_INT_CONVERSION = YES;
				CLANG_WARN_NON_LITERAL_NULL_CONVERSION = YES;
				CLANG_WARN_OBJC_IMPLICIT_RETAIN_SELF = YES;
				CLANG_WARN_OBJC_LITERAL_CONVERSION = YES;
				CLANG_WARN_OBJC_ROOT_CLASS = YES_ERROR;
				CLANG_WARN_QUOTED_INCLUDE_IN_FRAMEWORK_HEADER = YES;
				CLANG_WARN_RANGE_LOOP_ANALYSIS = YES;
				CLANG_WARN_STRICT_PROTOTYPES = YES;
				CLANG_WARN_SUSPICIOUS_MOVE = YES;
				CLANG_WARN_UNGUARDED_AVAILABILITY = YES_AGGRESSIVE;
				CLANG_WARN_UNREACHABLE_CODE = YES;
				CLANG_WARN__DUPLICATE_METHOD_MATCH = YES;
				COPY_PHASE_STRIP = NO;
				DEBUG_INFORMATION_FORMAT = dwarf;
				ENABLE_STRICT_OBJC_MSGSEND = YES;
				ENABLE_TESTABILITY = YES;
				GCC_C_LANGUAGE_STANDARD = gnu11;
				GCC_DYNAMIC_NO_PIC = NO;
				GCC_NO_COMMON_BLOCKS = YES;
				GCC_OPTIMIZATION_LEVEL = 0;
				GCC_PREPROCESSOR_DEFINITIONS = (
					"DEBUG=1",
					"$(inherited)",
				);
				GCC_WARN_64_TO_32_BIT_CONVERSION = YES;
				GCC_WARN_ABOUT_RETURN_TYPE = YES_ERROR;
				GCC_WARN_UNDECLARED_SELECTOR = YES;
				GCC_WARN_UNINITIALIZED_AUTOS = YES_AGGRESSIVE;
				GCC_WARN_UNUSED_FUNCTION = YES;
				GCC_WARN_UNUSED_VARIABLE = YES;
				IPHONEOS_DEPLOYMENT_TARGET = 13.7;
				MTL_ENABLE_DEBUG_INFO = INCLUDE_SOURCE;
				MTL_FAST_MATH = YES;
				ONLY_ACTIVE_ARCH = YES;
				SDKROOT = iphoneos;
				SWIFT_ACTIVE_COMPILATION_CONDITIONS = DEBUG;
				SWIFT_OPTIMIZATION_LEVEL = "-Onone";
			};
			name = Debug;
		};
		68D7666825145C1400B167B7 /* Release */ = {
			isa = XCBuildConfiguration;
			buildSettings = {
				ALWAYS_SEARCH_USER_PATHS = NO;
				CLANG_ANALYZER_NONNULL = YES;
				CLANG_ANALYZER_NUMBER_OBJECT_CONVERSION = YES_AGGRESSIVE;
				CLANG_CXX_LANGUAGE_STANDARD = "gnu++14";
				CLANG_CXX_LIBRARY = "libc++";
				CLANG_ENABLE_MODULES = YES;
				CLANG_ENABLE_OBJC_ARC = YES;
				CLANG_ENABLE_OBJC_WEAK = YES;
				CLANG_WARN_BLOCK_CAPTURE_AUTORELEASING = YES;
				CLANG_WARN_BOOL_CONVERSION = YES;
				CLANG_WARN_COMMA = YES;
				CLANG_WARN_CONSTANT_CONVERSION = YES;
				CLANG_WARN_DEPRECATED_OBJC_IMPLEMENTATIONS = YES;
				CLANG_WARN_DIRECT_OBJC_ISA_USAGE = YES_ERROR;
				CLANG_WARN_DOCUMENTATION_COMMENTS = YES;
				CLANG_WARN_EMPTY_BODY = YES;
				CLANG_WARN_ENUM_CONVERSION = YES;
				CLANG_WARN_INFINITE_RECURSION = YES;
				CLANG_WARN_INT_CONVERSION = YES;
				CLANG_WARN_NON_LITERAL_NULL_CONVERSION = YES;
				CLANG_WARN_OBJC_IMPLICIT_RETAIN_SELF = YES;
				CLANG_WARN_OBJC_LITERAL_CONVERSION = YES;
				CLANG_WARN_OBJC_ROOT_CLASS = YES_ERROR;
				CLANG_WARN_QUOTED_INCLUDE_IN_FRAMEWORK_HEADER = YES;
				CLANG_WARN_RANGE_LOOP_ANALYSIS = YES;
				CLANG_WARN_STRICT_PROTOTYPES = YES;
				CLANG_WARN_SUSPICIOUS_MOVE = YES;
				CLANG_WARN_UNGUARDED_AVAILABILITY = YES_AGGRESSIVE;
				CLANG_WARN_UNREACHABLE_CODE = YES;
				CLANG_WARN__DUPLICATE_METHOD_MATCH = YES;
				COPY_PHASE_STRIP = NO;
				DEBUG_INFORMATION_FORMAT = "dwarf-with-dsym";
				ENABLE_NS_ASSERTIONS = NO;
				ENABLE_STRICT_OBJC_MSGSEND = YES;
				GCC_C_LANGUAGE_STANDARD = gnu11;
				GCC_NO_COMMON_BLOCKS = YES;
				GCC_WARN_64_TO_32_BIT_CONVERSION = YES;
				GCC_WARN_ABOUT_RETURN_TYPE = YES_ERROR;
				GCC_WARN_UNDECLARED_SELECTOR = YES;
				GCC_WARN_UNINITIALIZED_AUTOS = YES_AGGRESSIVE;
				GCC_WARN_UNUSED_FUNCTION = YES;
				GCC_WARN_UNUSED_VARIABLE = YES;
				IPHONEOS_DEPLOYMENT_TARGET = 13.7;
				MTL_ENABLE_DEBUG_INFO = NO;
				MTL_FAST_MATH = YES;
				SDKROOT = iphoneos;
				SWIFT_COMPILATION_MODE = wholemodule;
				SWIFT_OPTIMIZATION_LEVEL = "-O";
				VALIDATE_PRODUCT = YES;
			};
			name = Release;
		};
		68D7666A25145C1400B167B7 /* Debug */ = {
			isa = XCBuildConfiguration;
			buildSettings = {
				ASSETCATALOG_COMPILER_APPICON_NAME = AppIcon;
				CODE_SIGN_STYLE = Automatic;
				INFOPLIST_FILE = EcommerceApp/Info.plist;
				LD_RUNPATH_SEARCH_PATHS = (
					"$(inherited)",
					"@executable_path/Frameworks",
				);
				PRODUCT_BUNDLE_IDENTIFIER = jsh.EcommerceApp;
				PRODUCT_NAME = "$(TARGET_NAME)";
				SWIFT_VERSION = 5.0;
				TARGETED_DEVICE_FAMILY = "1,2";
			};
			name = Debug;
		};
		68D7666B25145C1400B167B7 /* Release */ = {
			isa = XCBuildConfiguration;
			buildSettings = {
				ASSETCATALOG_COMPILER_APPICON_NAME = AppIcon;
				CODE_SIGN_STYLE = Automatic;
				INFOPLIST_FILE = EcommerceApp/Info.plist;
				LD_RUNPATH_SEARCH_PATHS = (
					"$(inherited)",
					"@executable_path/Frameworks",
				);
				PRODUCT_BUNDLE_IDENTIFIER = jsh.EcommerceApp;
				PRODUCT_NAME = "$(TARGET_NAME)";
				SWIFT_VERSION = 5.0;
				TARGETED_DEVICE_FAMILY = "1,2";
			};
			name = Release;
		};
/* End XCBuildConfiguration section */

/* Begin XCConfigurationList section */
		68D7665025145C1200B167B7 /* Build configuration list for PBXProject "EcommerceApp" */ = {
			isa = XCConfigurationList;
			buildConfigurations = (
				68D7666725145C1400B167B7 /* Debug */,
				68D7666825145C1400B167B7 /* Release */,
			);
			defaultConfigurationIsVisible = 0;
			defaultConfigurationName = Release;
		};
		68D7666925145C1400B167B7 /* Build configuration list for PBXNativeTarget "EcommerceApp" */ = {
			isa = XCConfigurationList;
			buildConfigurations = (
				68D7666A25145C1400B167B7 /* Debug */,
				68D7666B25145C1400B167B7 /* Release */,
			);
			defaultConfigurationIsVisible = 0;
			defaultConfigurationName = Release;
		};
/* End XCConfigurationList section */

/* Begin XCRemoteSwiftPackageReference section */
		68D7667D25145F2A00B167B7 /* XCRemoteSwiftPackageReference "Alamofire" */ = {
			isa = XCRemoteSwiftPackageReference;
			repositoryURL = "https://github.com/Alamofire/Alamofire.git";
			requirement = {
				kind = upToNextMajorVersion;
				minimumVersion = 5.2.2;
			};
		};
/* End XCRemoteSwiftPackageReference section */

/* Begin XCSwiftPackageProductDependency section */
		68D7667E25145F2A00B167B7 /* Alamofire */ = {
			isa = XCSwiftPackageProductDependency;
			package = 68D7667D25145F2A00B167B7 /* XCRemoteSwiftPackageReference "Alamofire" */;
			productName = Alamofire;
		};
/* End XCSwiftPackageProductDependency section */
	};
	rootObject = 68D7664D25145C1200B167B7 /* Project object */;
}
